
Microsoft Visual Studio Solution File, Format Version 12.00
# Visual Studio 2012
Project("{FAE04EC0-301F-11D3-BF4B-00C04F79EFBC}") = "backbone.ts", "backbone.ts.csproj", "{0432FCD3-AB3B-4BD8-8454-AB0D7171A013}"
EndProject
Global
	GlobalSection(SolutionConfigurationPlatforms) = preSolution
		Release|Any CPU = Release|Any CPU
	EndGlobalSection
	GlobalSection(ProjectConfigurationPlatforms) = postSolution
		{0432FCD3-AB3B-4BD8-8454-AB0D7171A013}.Release|Any CPU.ActiveCfg = Release|Any CPU
		{0432FCD3-AB3B-4BD8-8454-AB0D7171A013}.Release|Any CPU.Build.0 = Release|Any CPU
	EndGlobalSection
	GlobalSection(SolutionProperties) = preSolution
		HideSolutionNode = FALSE
	EndGlobalSection
EndGlobal
